
Microsoft Visual Studio Solution File, Format Version 12.00
# Visual Studio Version 17
VisualStudioVersion = 17.4.33213.308
MinimumVisualStudioVersion = 10.0.40219.1
Project("{9A19103F-16F7-4668-BE54-9A1E7A4F7556}") = "libc-bootstrap", "libc-bootstrap\libc-bootstrap.csproj", "{C2351A13-39EE-49DE-97E8-FD3F0BC42C1B}"
EndProject
Project("{2150E333-8FDC-42A3-9474-1A3956D46DE8}") = "Solution Items", "Solution Items", "{1834252C-AC27-4DFD-A7C1-9E88EC553D8E}"
	ProjectSection(SolutionItems) = preProject
		.gitignore = .gitignore
		build-nupkg.bat = build-nupkg.bat
		build-nupkg.sh = build-nupkg.sh
		Directory.Build.props = Directory.Build.props
		LICENSE = LICENSE
		nuget.config = nuget.config
		README.md = README.md
	EndProjectSection
EndProject
Project("{FAE04EC0-301F-11D3-BF4B-00C04F79EFBC}") = "libc-bootstrap.tests", "libc-bootstrap.tests\libc-bootstrap.tests.csproj", "{32380291-5ABD-4519-9DFF-D153B2C60D01}"
EndProject
Project("{2150E333-8FDC-42A3-9474-1A3956D46DE8}") = "crt0", "crt0", "{B1D43B47-F195-44F1-A00D-56DDE3BFE367}"
	ProjectSection(SolutionItems) = preProject
		crt0\crt0_template.cs = crt0\crt0_template.cs
		crt0\crt0_i.s = crt0\crt0_i.s
		crt0\crt0_icv.s = crt0\crt0_icv.s
		crt0\crt0_v.s = crt0\crt0_v.s
		crt0\crt0_vcv.s = crt0\crt0_vcv.s
	EndProjectSection
EndProject
Global
	GlobalSection(SolutionConfigurationPlatforms) = preSolution
		Debug|Any CPU = Debug|Any CPU
		Release|Any CPU = Release|Any CPU
	EndGlobalSection
	GlobalSection(ProjectConfigurationPlatforms) = postSolution
		{C2351A13-39EE-49DE-97E8-FD3F0BC42C1B}.Debug|Any CPU.ActiveCfg = Debug|Any CPU
		{C2351A13-39EE-49DE-97E8-FD3F0BC42C1B}.Debug|Any CPU.Build.0 = Debug|Any CPU
		{C2351A13-39EE-49DE-97E8-FD3F0BC42C1B}.Release|Any CPU.ActiveCfg = Release|Any CPU
		{C2351A13-39EE-49DE-97E8-FD3F0BC42C1B}.Release|Any CPU.Build.0 = Release|Any CPU
		{32380291-5ABD-4519-9DFF-D153B2C60D01}.Debug|Any CPU.ActiveCfg = Debug|Any CPU
		{32380291-5ABD-4519-9DFF-D153B2C60D01}.Debug|Any CPU.Build.0 = Debug|Any CPU
		{32380291-5ABD-4519-9DFF-D153B2C60D01}.Release|Any CPU.ActiveCfg = Release|Any CPU
		{32380291-5ABD-4519-9DFF-D153B2C60D01}.Release|Any CPU.Build.0 = Release|Any CPU
	EndGlobalSection
	GlobalSection(SolutionProperties) = preSolution
		HideSolutionNode = FALSE
	EndGlobalSection
	GlobalSection(ExtensibilityGlobals) = postSolution
		SolutionGuid = {D4786956-BAA9-4762-A15B-0B45FF0C407F}
	EndGlobalSection
EndGlobal
